
Microsoft Visual Studio Solution File, Format Version 12.00
# Visual Studio Version 17
VisualStudioVersion = 17.7.34221.43
MinimumVisualStudioVersion = 10.0.40219.1
Project("{FAE04EC0-301F-11D3-BF4B-00C04F79EFBC}") = "TabControlUygulama5", "TabControlUygulama5\TabControlUygulama5.csproj", "{365BE9D1-70B9-4863-87BD-4C336EEFE51E}"
EndProject
Global
	GlobalSection(SolutionConfigurationPlatforms) = preSolution
		Debug|Any CPU = Debug|Any CPU
		Release|Any CPU = Release|Any CPU
	EndGlobalSection
	GlobalSection(ProjectConfigurationPlatforms) = postSolution
		{365BE9D1-70B9-4863-87BD-4C336EEFE51E}.Debug|Any CPU.ActiveCfg = Debug|Any CPU
		{365BE9D1-70B9-4863-87BD-4C336EEFE51E}.Debug|Any CPU.Build.0 = Debug|Any CPU
		{365BE9D1-70B9-4863-87BD-4C336EEFE51E}.Release|Any CPU.ActiveCfg = Release|Any CPU
		{365BE9D1-70B9-4863-87BD-4C336EEFE51E}.Release|Any CPU.Build.0 = Release|Any CPU
	EndGlobalSection
	GlobalSection(SolutionProperties) = preSolution
		HideSolutionNode = FALSE
	EndGlobalSection
	GlobalSection(ExtensibilityGlobals) = postSolution
		SolutionGuid = {10D35859-23CB-4E53-A356-E2D56C73385F}
	EndGlobalSection
EndGlobal
